
Microsoft Visual Studio Solution File, Format Version 12.00
# Visual Studio 15
VisualStudioVersion = 15.0.28010.2026
MinimumVisualStudioVersion = 10.0.40219.1
Project("{FAE04EC0-301F-11D3-BF4B-00C04F79EFBC}") = "MergeLinkedLists", "MergeLinkedLists\MergeLinkedLists.csproj", "{5B1A6244-07C2-4556-B3DD-32E7637BC670}"
EndProject
Project("{FAE04EC0-301F-11D3-BF4B-00C04F79EFBC}") = "MergeListsTests", "MergeListsTests\MergeListsTests.csproj", "{31E2A19A-F5DC-407D-B9C3-3D98DFF7B930}"
EndProject
Global
	GlobalSection(SolutionConfigurationPlatforms) = preSolution
		Debug|Any CPU = Debug|Any CPU
		Release|Any CPU = Release|Any CPU
	EndGlobalSection
	GlobalSection(ProjectConfigurationPlatforms) = postSolution
		{5B1A6244-07C2-4556-B3DD-32E7637BC670}.Debug|Any CPU.ActiveCfg = Debug|Any CPU
		{5B1A6244-07C2-4556-B3DD-32E7637BC670}.Debug|Any CPU.Build.0 = Debug|Any CPU
		{5B1A6244-07C2-4556-B3DD-32E7637BC670}.Release|Any CPU.ActiveCfg = Release|Any CPU
		{5B1A6244-07C2-4556-B3DD-32E7637BC670}.Release|Any CPU.Build.0 = Release|Any CPU
		{31E2A19A-F5DC-407D-B9C3-3D98DFF7B930}.Debug|Any CPU.ActiveCfg = Debug|Any CPU
		{31E2A19A-F5DC-407D-B9C3-3D98DFF7B930}.Debug|Any CPU.Build.0 = Debug|Any CPU
		{31E2A19A-F5DC-407D-B9C3-3D98DFF7B930}.Release|Any CPU.ActiveCfg = Release|Any CPU
		{31E2A19A-F5DC-407D-B9C3-3D98DFF7B930}.Release|Any CPU.Build.0 = Release|Any CPU
	EndGlobalSection
	GlobalSection(SolutionProperties) = preSolution
		HideSolutionNode = FALSE
	EndGlobalSection
	GlobalSection(ExtensibilityGlobals) = postSolution
		SolutionGuid = {C73245AC-5D46-4FC9-B965-08575D377C80}
	EndGlobalSection
EndGlobal
